
Microsoft Visual Studio Solution File, Format Version 12.00
# Visual Studio 2015
Project("{FAE04EC0-301F-11D3-BF4B-00C04F79EFBC}") = "KatamariPlanet.CSharp", "KatamariPlanet.CSharp.csproj", "{C311DA3E-80B2-3FE0-8C1C-4106EFC87322}"
EndProject
Project("{FAE04EC0-301F-11D3-BF4B-00C04F79EFBC}") = "KatamariPlanet.CSharp.Editor", "KatamariPlanet.CSharp.Editor.csproj", "{7A93B397-2C31-0128-4F27-D1284FCFC7BA}"
EndProject
Global
	GlobalSection(SolutionConfigurationPlatforms) = preSolution
		Debug|Any CPU = Debug|Any CPU
		Release|Any CPU = Release|Any CPU
	EndGlobalSection
	GlobalSection(ProjectConfigurationPlatforms) = postSolution
		{C311DA3E-80B2-3FE0-8C1C-4106EFC87322}.Debug|Any CPU.ActiveCfg = Debug|Any CPU
		{C311DA3E-80B2-3FE0-8C1C-4106EFC87322}.Debug|Any CPU.Build.0 = Debug|Any CPU
		{C311DA3E-80B2-3FE0-8C1C-4106EFC87322}.Release|Any CPU.ActiveCfg = Release|Any CPU
		{C311DA3E-80B2-3FE0-8C1C-4106EFC87322}.Release|Any CPU.Build.0 = Release|Any CPU
		{7A93B397-2C31-0128-4F27-D1284FCFC7BA}.Debug|Any CPU.ActiveCfg = Debug|Any CPU
		{7A93B397-2C31-0128-4F27-D1284FCFC7BA}.Debug|Any CPU.Build.0 = Debug|Any CPU
		{7A93B397-2C31-0128-4F27-D1284FCFC7BA}.Release|Any CPU.ActiveCfg = Release|Any CPU
		{7A93B397-2C31-0128-4F27-D1284FCFC7BA}.Release|Any CPU.Build.0 = Release|Any CPU
	EndGlobalSection
	GlobalSection(SolutionProperties) = preSolution
		HideSolutionNode = FALSE
	EndGlobalSection
EndGlobal
